
Microsoft Visual Studio Solution File, Format Version 12.00
# Visual Studio Version 17
VisualStudioVersion = 17.1.32210.238
MinimumVisualStudioVersion = 10.0.40219.1
Project("{FAE04EC0-301F-11D3-BF4B-00C04F79EFBC}") = "Uppgift 4.26", "Uppgift 4.26\Uppgift 4.26.csproj", "{5AD44E3A-7270-421D-9B7E-B4E667BE1DCD}"
EndProject
Global
	GlobalSection(SolutionConfigurationPlatforms) = preSolution
		Debug|Any CPU = Debug|Any CPU
		Release|Any CPU = Release|Any CPU
	EndGlobalSection
	GlobalSection(ProjectConfigurationPlatforms) = postSolution
		{5AD44E3A-7270-421D-9B7E-B4E667BE1DCD}.Debug|Any CPU.ActiveCfg = Debug|Any CPU
		{5AD44E3A-7270-421D-9B7E-B4E667BE1DCD}.Debug|Any CPU.Build.0 = Debug|Any CPU
		{5AD44E3A-7270-421D-9B7E-B4E667BE1DCD}.Release|Any CPU.ActiveCfg = Release|Any CPU
		{5AD44E3A-7270-421D-9B7E-B4E667BE1DCD}.Release|Any CPU.Build.0 = Release|Any CPU
	EndGlobalSection
	GlobalSection(SolutionProperties) = preSolution
		HideSolutionNode = FALSE
	EndGlobalSection
	GlobalSection(ExtensibilityGlobals) = postSolution
		SolutionGuid = {3DAE0029-943A-4D44-8526-56A38F85A95E}
	EndGlobalSection
EndGlobal
